
Microsoft Visual Studio Solution File, Format Version 12.00
# Visual Studio Version 17
VisualStudioVersion = 17.10.34916.146
MinimumVisualStudioVersion = 10.0.40219.1
Project("{FAE04EC0-301F-11D3-BF4B-00C04F79EFBC}") = "ParticlesPlus", "ParticlesPlus\ParticlesPlus.csproj", "{155C4B43-0C60-4A8A-93D2-1EA9944C2984}"
EndProject
Project("{FAE04EC0-301F-11D3-BF4B-00C04F79EFBC}") = "CakeBuild", "ZZCakeBuild\CakeBuild.csproj", "{9AC68917-A97C-4E4F-8EDE-4755BE11175F}"
EndProject
Global
	GlobalSection(SolutionConfigurationPlatforms) = preSolution
		Debug|Any CPU = Debug|Any CPU
		Release|Any CPU = Release|Any CPU
	EndGlobalSection
	GlobalSection(ProjectConfigurationPlatforms) = postSolution
		{155C4B43-0C60-4A8A-93D2-1EA9944C2984}.Debug|Any CPU.ActiveCfg = Debug|Any CPU
		{155C4B43-0C60-4A8A-93D2-1EA9944C2984}.Debug|Any CPU.Build.0 = Debug|Any CPU
		{155C4B43-0C60-4A8A-93D2-1EA9944C2984}.Release|Any CPU.ActiveCfg = Release|Any CPU
		{155C4B43-0C60-4A8A-93D2-1EA9944C2984}.Release|Any CPU.Build.0 = Release|Any CPU
		{9AC68917-A97C-4E4F-8EDE-4755BE11175F}.Debug|Any CPU.ActiveCfg = Debug|Any CPU
		{9AC68917-A97C-4E4F-8EDE-4755BE11175F}.Debug|Any CPU.Build.0 = Debug|Any CPU
		{9AC68917-A97C-4E4F-8EDE-4755BE11175F}.Release|Any CPU.ActiveCfg = Release|Any CPU
		{9AC68917-A97C-4E4F-8EDE-4755BE11175F}.Release|Any CPU.Build.0 = Release|Any CPU
	EndGlobalSection
	GlobalSection(SolutionProperties) = preSolution
		HideSolutionNode = FALSE
	EndGlobalSection
	GlobalSection(ExtensibilityGlobals) = postSolution
		SolutionGuid = {BFBD60C2-0071-4733-AC37-541220694D1A}
	EndGlobalSection
EndGlobal
